
Microsoft Visual Studio Solution File, Format Version 12.00
# Visual Studio 15
VisualStudioVersion = 15.0.28307.168
MinimumVisualStudioVersion = 10.0.40219.1
Project("{FAE04EC0-301F-11D3-BF4B-00C04F79EFBC}") = "TbRefEditor", "TbRefEditor\TbRefEditor.csproj", "{9019C7DC-2FA2-4137-B3BF-BA67619614F8}"
EndProject
Project("{FAE04EC0-301F-11D3-BF4B-00C04F79EFBC}") = "ScriptGenerator", "ScriptGenerator\ScriptGenerator.csproj", "{65AC0B0C-4B9F-4E01-93E2-77E0BDBC5D4B}"
EndProject
Project("{FAE04EC0-301F-11D3-BF4B-00C04F79EFBC}") = "ScriptGeneratorTest", "ScriptGeneratorTest\ScriptGeneratorTest.csproj", "{3C9EB8DA-D82C-401F-B4BD-46816FF220B2}"
EndProject
Global
	GlobalSection(SolutionConfigurationPlatforms) = preSolution
		Debug|Any CPU = Debug|Any CPU
		Release|Any CPU = Release|Any CPU
	EndGlobalSection
	GlobalSection(ProjectConfigurationPlatforms) = postSolution
		{9019C7DC-2FA2-4137-B3BF-BA67619614F8}.Debug|Any CPU.ActiveCfg = Debug|Any CPU
		{9019C7DC-2FA2-4137-B3BF-BA67619614F8}.Debug|Any CPU.Build.0 = Debug|Any CPU
		{9019C7DC-2FA2-4137-B3BF-BA67619614F8}.Release|Any CPU.ActiveCfg = Release|Any CPU
		{9019C7DC-2FA2-4137-B3BF-BA67619614F8}.Release|Any CPU.Build.0 = Release|Any CPU
		{65AC0B0C-4B9F-4E01-93E2-77E0BDBC5D4B}.Debug|Any CPU.ActiveCfg = Debug|Any CPU
		{65AC0B0C-4B9F-4E01-93E2-77E0BDBC5D4B}.Debug|Any CPU.Build.0 = Debug|Any CPU
		{65AC0B0C-4B9F-4E01-93E2-77E0BDBC5D4B}.Release|Any CPU.ActiveCfg = Release|Any CPU
		{65AC0B0C-4B9F-4E01-93E2-77E0BDBC5D4B}.Release|Any CPU.Build.0 = Release|Any CPU
		{3C9EB8DA-D82C-401F-B4BD-46816FF220B2}.Debug|Any CPU.ActiveCfg = Debug|Any CPU
		{3C9EB8DA-D82C-401F-B4BD-46816FF220B2}.Debug|Any CPU.Build.0 = Debug|Any CPU
		{3C9EB8DA-D82C-401F-B4BD-46816FF220B2}.Release|Any CPU.ActiveCfg = Release|Any CPU
		{3C9EB8DA-D82C-401F-B4BD-46816FF220B2}.Release|Any CPU.Build.0 = Release|Any CPU
	EndGlobalSection
	GlobalSection(SolutionProperties) = preSolution
		HideSolutionNode = FALSE
	EndGlobalSection
	GlobalSection(ExtensibilityGlobals) = postSolution
		SolutionGuid = {541C7C40-FFDC-4FC4-A9A9-4C5759E120CD}
	EndGlobalSection
EndGlobal
